
Microsoft Visual Studio Solution File, Format Version 12.00
# Visual Studio 2013
VisualStudioVersion = 12.0.21005.1
MinimumVisualStudioVersion = 10.0.40219.1
Project("{FAE04EC0-301F-11D3-BF4B-00C04F79EFBC}") = "SnuStream", "SnuStream\SnuStream.csproj", "{DAF4D2B8-E906-422A-B53A-C57DBA2AE94D}"
EndProject
Project("{FAE04EC0-301F-11D3-BF4B-00C04F79EFBC}") = "SnuSharp", "SnuSharp\SnuSharp.csproj", "{D9BAA749-5BBE-4DAE-B5EA-4D70DEF266FC}"
EndProject
Project("{FAE04EC0-301F-11D3-BF4B-00C04F79EFBC}") = "CommonImageAquisition", "CommonImageAquisition\CommonImageAquisition.csproj", "{9316A5E4-85F8-4833-839F-A2E03C97BD67}"
EndProject
Project("{FAE04EC0-301F-11D3-BF4B-00C04F79EFBC}") = "CommonVideoAquisition", "CommonVideoAquisition\CommonVideoAquisition.csproj", "{53CA745A-78CC-4068-873F-25670ECA15D5}"
EndProject
Project("{8BC9CEB8-8B4A-11D0-8D11-00A0C91BC942}") = "DXGifRenderWP8", "DXGifRenderWP8\DXGifRenderWP8.vcxproj", "{B9A8ED65-C137-4751-AF3A-44D2D7DCA0F5}"
EndProject
Project("{FAE04EC0-301F-11D3-BF4B-00C04F79EFBC}") = "NBoilerpipePortable", "NBoilerpipePortable\NBoilerpipePortable.csproj", "{17272736-FE78-416B-96C4-90FCF0BEA45B}"
EndProject
Project("{8BC9CEB8-8B4A-11D0-8D11-00A0C91BC942}") = "SnuDomWP8", "SnuDom\SnuDomWP8.vcxproj", "{4D497A51-5483-4236-B2F0-640A4DC26E18}"
EndProject
Project("{FAE04EC0-301F-11D3-BF4B-00C04F79EFBC}") = "SnuStreamWP8", "SnuStreamWP8\SnuStreamWP8.csproj", "{B3281A95-DE17-4EAB-ADFB-1989AE583A8C}"
EndProject
Global
	GlobalSection(SolutionConfigurationPlatforms) = preSolution
		Debug|Any CPU = Debug|Any CPU
		Debug|ARM = Debug|ARM
		Debug|Mixed Platforms = Debug|Mixed Platforms
		Debug|Win32 = Debug|Win32
		Debug|x86 = Debug|x86
		Release|Any CPU = Release|Any CPU
		Release|ARM = Release|ARM
		Release|Mixed Platforms = Release|Mixed Platforms
		Release|Win32 = Release|Win32
		Release|x86 = Release|x86
	EndGlobalSection
	GlobalSection(ProjectConfigurationPlatforms) = postSolution
		{DAF4D2B8-E906-422A-B53A-C57DBA2AE94D}.Debug|Any CPU.ActiveCfg = Debug|Any CPU
		{DAF4D2B8-E906-422A-B53A-C57DBA2AE94D}.Debug|Any CPU.Build.0 = Debug|Any CPU
		{DAF4D2B8-E906-422A-B53A-C57DBA2AE94D}.Debug|ARM.ActiveCfg = Debug|Any CPU
		{DAF4D2B8-E906-422A-B53A-C57DBA2AE94D}.Debug|Mixed Platforms.ActiveCfg = Debug|Any CPU
		{DAF4D2B8-E906-422A-B53A-C57DBA2AE94D}.Debug|Mixed Platforms.Build.0 = Debug|Any CPU
		{DAF4D2B8-E906-422A-B53A-C57DBA2AE94D}.Debug|Win32.ActiveCfg = Debug|Any CPU
		{DAF4D2B8-E906-422A-B53A-C57DBA2AE94D}.Debug|x86.ActiveCfg = Debug|Any CPU
		{DAF4D2B8-E906-422A-B53A-C57DBA2AE94D}.Release|Any CPU.ActiveCfg = Release|Any CPU
		{DAF4D2B8-E906-422A-B53A-C57DBA2AE94D}.Release|Any CPU.Build.0 = Release|Any CPU
		{DAF4D2B8-E906-422A-B53A-C57DBA2AE94D}.Release|ARM.ActiveCfg = Release|Any CPU
		{DAF4D2B8-E906-422A-B53A-C57DBA2AE94D}.Release|Mixed Platforms.ActiveCfg = Release|Any CPU
		{DAF4D2B8-E906-422A-B53A-C57DBA2AE94D}.Release|Mixed Platforms.Build.0 = Release|Any CPU
		{DAF4D2B8-E906-422A-B53A-C57DBA2AE94D}.Release|Win32.ActiveCfg = Release|Any CPU
		{DAF4D2B8-E906-422A-B53A-C57DBA2AE94D}.Release|x86.ActiveCfg = Release|Any CPU
		{D9BAA749-5BBE-4DAE-B5EA-4D70DEF266FC}.Debug|Any CPU.ActiveCfg = Debug|Any CPU
		{D9BAA749-5BBE-4DAE-B5EA-4D70DEF266FC}.Debug|Any CPU.Build.0 = Debug|Any CPU
		{D9BAA749-5BBE-4DAE-B5EA-4D70DEF266FC}.Debug|ARM.ActiveCfg = Debug|Any CPU
		{D9BAA749-5BBE-4DAE-B5EA-4D70DEF266FC}.Debug|Mixed Platforms.ActiveCfg = Debug|Any CPU
		{D9BAA749-5BBE-4DAE-B5EA-4D70DEF266FC}.Debug|Mixed Platforms.Build.0 = Debug|Any CPU
		{D9BAA749-5BBE-4DAE-B5EA-4D70DEF266FC}.Debug|Win32.ActiveCfg = Debug|Any CPU
		{D9BAA749-5BBE-4DAE-B5EA-4D70DEF266FC}.Debug|x86.ActiveCfg = Debug|Any CPU
		{D9BAA749-5BBE-4DAE-B5EA-4D70DEF266FC}.Release|Any CPU.ActiveCfg = Release|Any CPU
		{D9BAA749-5BBE-4DAE-B5EA-4D70DEF266FC}.Release|Any CPU.Build.0 = Release|Any CPU
		{D9BAA749-5BBE-4DAE-B5EA-4D70DEF266FC}.Release|ARM.ActiveCfg = Release|Any CPU
		{D9BAA749-5BBE-4DAE-B5EA-4D70DEF266FC}.Release|Mixed Platforms.ActiveCfg = Release|Any CPU
		{D9BAA749-5BBE-4DAE-B5EA-4D70DEF266FC}.Release|Mixed Platforms.Build.0 = Release|Any CPU
		{D9BAA749-5BBE-4DAE-B5EA-4D70DEF266FC}.Release|Win32.ActiveCfg = Release|Any CPU
		{D9BAA749-5BBE-4DAE-B5EA-4D70DEF266FC}.Release|x86.ActiveCfg = Release|Any CPU
		{9316A5E4-85F8-4833-839F-A2E03C97BD67}.Debug|Any CPU.ActiveCfg = Debug|Any CPU
		{9316A5E4-85F8-4833-839F-A2E03C97BD67}.Debug|Any CPU.Build.0 = Debug|Any CPU
		{9316A5E4-85F8-4833-839F-A2E03C97BD67}.Debug|ARM.ActiveCfg = Debug|Any CPU
		{9316A5E4-85F8-4833-839F-A2E03C97BD67}.Debug|Mixed Platforms.ActiveCfg = Debug|Any CPU
		{9316A5E4-85F8-4833-839F-A2E03C97BD67}.Debug|Mixed Platforms.Build.0 = Debug|Any CPU
		{9316A5E4-85F8-4833-839F-A2E03C97BD67}.Debug|Win32.ActiveCfg = Debug|Any CPU
		{9316A5E4-85F8-4833-839F-A2E03C97BD67}.Debug|x86.ActiveCfg = Debug|Any CPU
		{9316A5E4-85F8-4833-839F-A2E03C97BD67}.Release|Any CPU.ActiveCfg = Release|Any CPU
		{9316A5E4-85F8-4833-839F-A2E03C97BD67}.Release|Any CPU.Build.0 = Release|Any CPU
		{9316A5E4-85F8-4833-839F-A2E03C97BD67}.Release|ARM.ActiveCfg = Release|Any CPU
		{9316A5E4-85F8-4833-839F-A2E03C97BD67}.Release|Mixed Platforms.ActiveCfg = Release|Any CPU
		{9316A5E4-85F8-4833-839F-A2E03C97BD67}.Release|Mixed Platforms.Build.0 = Release|Any CPU
		{9316A5E4-85F8-4833-839F-A2E03C97BD67}.Release|Win32.ActiveCfg = Release|Any CPU
		{9316A5E4-85F8-4833-839F-A2E03C97BD67}.Release|x86.ActiveCfg = Release|Any CPU
		{53CA745A-78CC-4068-873F-25670ECA15D5}.Debug|Any CPU.ActiveCfg = Debug|Any CPU
		{53CA745A-78CC-4068-873F-25670ECA15D5}.Debug|Any CPU.Build.0 = Debug|Any CPU
		{53CA745A-78CC-4068-873F-25670ECA15D5}.Debug|ARM.ActiveCfg = Debug|Any CPU
		{53CA745A-78CC-4068-873F-25670ECA15D5}.Debug|Mixed Platforms.ActiveCfg = Debug|Any CPU
		{53CA745A-78CC-4068-873F-25670ECA15D5}.Debug|Mixed Platforms.Build.0 = Debug|Any CPU
		{53CA745A-78CC-4068-873F-25670ECA15D5}.Debug|Win32.ActiveCfg = Debug|Any CPU
		{53CA745A-78CC-4068-873F-25670ECA15D5}.Debug|x86.ActiveCfg = Debug|Any CPU
		{53CA745A-78CC-4068-873F-25670ECA15D5}.Release|Any CPU.ActiveCfg = Release|Any CPU
		{53CA745A-78CC-4068-873F-25670ECA15D5}.Release|Any CPU.Build.0 = Release|Any CPU
		{53CA745A-78CC-4068-873F-25670ECA15D5}.Release|ARM.ActiveCfg = Release|Any CPU
		{53CA745A-78CC-4068-873F-25670ECA15D5}.Release|Mixed Platforms.ActiveCfg = Release|Any CPU
		{53CA745A-78CC-4068-873F-25670ECA15D5}.Release|Mixed Platforms.Build.0 = Release|Any CPU
		{53CA745A-78CC-4068-873F-25670ECA15D5}.Release|Win32.ActiveCfg = Release|Any CPU
		{53CA745A-78CC-4068-873F-25670ECA15D5}.Release|x86.ActiveCfg = Release|Any CPU
		{B9A8ED65-C137-4751-AF3A-44D2D7DCA0F5}.Debug|Any CPU.ActiveCfg = Debug|Win32
		{B9A8ED65-C137-4751-AF3A-44D2D7DCA0F5}.Debug|ARM.ActiveCfg = Debug|ARM
		{B9A8ED65-C137-4751-AF3A-44D2D7DCA0F5}.Debug|ARM.Build.0 = Debug|ARM
		{B9A8ED65-C137-4751-AF3A-44D2D7DCA0F5}.Debug|Mixed Platforms.ActiveCfg = Debug|Win32
		{B9A8ED65-C137-4751-AF3A-44D2D7DCA0F5}.Debug|Mixed Platforms.Build.0 = Debug|Win32
		{B9A8ED65-C137-4751-AF3A-44D2D7DCA0F5}.Debug|Win32.ActiveCfg = Debug|Win32
		{B9A8ED65-C137-4751-AF3A-44D2D7DCA0F5}.Debug|Win32.Build.0 = Debug|Win32
		{B9A8ED65-C137-4751-AF3A-44D2D7DCA0F5}.Debug|x86.ActiveCfg = Debug|Win32
		{B9A8ED65-C137-4751-AF3A-44D2D7DCA0F5}.Debug|x86.Build.0 = Debug|Win32
		{B9A8ED65-C137-4751-AF3A-44D2D7DCA0F5}.Release|Any CPU.ActiveCfg = Release|Win32
		{B9A8ED65-C137-4751-AF3A-44D2D7DCA0F5}.Release|ARM.ActiveCfg = Release|ARM
		{B9A8ED65-C137-4751-AF3A-44D2D7DCA0F5}.Release|ARM.Build.0 = Release|ARM
		{B9A8ED65-C137-4751-AF3A-44D2D7DCA0F5}.Release|Mixed Platforms.ActiveCfg = Release|Win32
		{B9A8ED65-C137-4751-AF3A-44D2D7DCA0F5}.Release|Mixed Platforms.Build.0 = Release|Win32
		{B9A8ED65-C137-4751-AF3A-44D2D7DCA0F5}.Release|Win32.ActiveCfg = Release|Win32
		{B9A8ED65-C137-4751-AF3A-44D2D7DCA0F5}.Release|Win32.Build.0 = Release|Win32
		{B9A8ED65-C137-4751-AF3A-44D2D7DCA0F5}.Release|x86.ActiveCfg = Release|Win32
		{B9A8ED65-C137-4751-AF3A-44D2D7DCA0F5}.Release|x86.Build.0 = Release|Win32
		{17272736-FE78-416B-96C4-90FCF0BEA45B}.Debug|Any CPU.ActiveCfg = Debug|Any CPU
		{17272736-FE78-416B-96C4-90FCF0BEA45B}.Debug|Any CPU.Build.0 = Debug|Any CPU
		{17272736-FE78-416B-96C4-90FCF0BEA45B}.Debug|ARM.ActiveCfg = Debug|Any CPU
		{17272736-FE78-416B-96C4-90FCF0BEA45B}.Debug|Mixed Platforms.ActiveCfg = Debug|Any CPU
		{17272736-FE78-416B-96C4-90FCF0BEA45B}.Debug|Mixed Platforms.Build.0 = Debug|Any CPU
		{17272736-FE78-416B-96C4-90FCF0BEA45B}.Debug|Win32.ActiveCfg = Debug|Any CPU
		{17272736-FE78-416B-96C4-90FCF0BEA45B}.Debug|x86.ActiveCfg = Debug|Any CPU
		{17272736-FE78-416B-96C4-90FCF0BEA45B}.Release|Any CPU.ActiveCfg = Release|Any CPU
		{17272736-FE78-416B-96C4-90FCF0BEA45B}.Release|Any CPU.Build.0 = Release|Any CPU
		{17272736-FE78-416B-96C4-90FCF0BEA45B}.Release|ARM.ActiveCfg = Release|Any CPU
		{17272736-FE78-416B-96C4-90FCF0BEA45B}.Release|Mixed Platforms.ActiveCfg = Release|Any CPU
		{17272736-FE78-416B-96C4-90FCF0BEA45B}.Release|Mixed Platforms.Build.0 = Release|Any CPU
		{17272736-FE78-416B-96C4-90FCF0BEA45B}.Release|Win32.ActiveCfg = Release|Any CPU
		{17272736-FE78-416B-96C4-90FCF0BEA45B}.Release|x86.ActiveCfg = Release|Any CPU
		{4D497A51-5483-4236-B2F0-640A4DC26E18}.Debug|Any CPU.ActiveCfg = Debug|Win32
		{4D497A51-5483-4236-B2F0-640A4DC26E18}.Debug|ARM.ActiveCfg = Debug|ARM
		{4D497A51-5483-4236-B2F0-640A4DC26E18}.Debug|ARM.Build.0 = Debug|ARM
		{4D497A51-5483-4236-B2F0-640A4DC26E18}.Debug|Mixed Platforms.ActiveCfg = Debug|Win32
		{4D497A51-5483-4236-B2F0-640A4DC26E18}.Debug|Mixed Platforms.Build.0 = Debug|Win32
		{4D497A51-5483-4236-B2F0-640A4DC26E18}.Debug|Win32.ActiveCfg = Debug|Win32
		{4D497A51-5483-4236-B2F0-640A4DC26E18}.Debug|Win32.Build.0 = Debug|Win32
		{4D497A51-5483-4236-B2F0-640A4DC26E18}.Debug|x86.ActiveCfg = Debug|Win32
		{4D497A51-5483-4236-B2F0-640A4DC26E18}.Debug|x86.Build.0 = Debug|Win32
		{4D497A51-5483-4236-B2F0-640A4DC26E18}.Release|Any CPU.ActiveCfg = Release|Win32
		{4D497A51-5483-4236-B2F0-640A4DC26E18}.Release|ARM.ActiveCfg = Release|ARM
		{4D497A51-5483-4236-B2F0-640A4DC26E18}.Release|ARM.Build.0 = Release|ARM
		{4D497A51-5483-4236-B2F0-640A4DC26E18}.Release|Mixed Platforms.ActiveCfg = Release|Win32
		{4D497A51-5483-4236-B2F0-640A4DC26E18}.Release|Mixed Platforms.Build.0 = Release|Win32
		{4D497A51-5483-4236-B2F0-640A4DC26E18}.Release|Win32.ActiveCfg = Release|Win32
		{4D497A51-5483-4236-B2F0-640A4DC26E18}.Release|Win32.Build.0 = Release|Win32
		{4D497A51-5483-4236-B2F0-640A4DC26E18}.Release|x86.ActiveCfg = Release|Win32
		{4D497A51-5483-4236-B2F0-640A4DC26E18}.Release|x86.Build.0 = Release|Win32
		{B3281A95-DE17-4EAB-ADFB-1989AE583A8C}.Debug|Any CPU.ActiveCfg = Debug|Any CPU
		{B3281A95-DE17-4EAB-ADFB-1989AE583A8C}.Debug|Any CPU.Build.0 = Debug|Any CPU
		{B3281A95-DE17-4EAB-ADFB-1989AE583A8C}.Debug|Any CPU.Deploy.0 = Debug|Any CPU
		{B3281A95-DE17-4EAB-ADFB-1989AE583A8C}.Debug|ARM.ActiveCfg = Debug|ARM
		{B3281A95-DE17-4EAB-ADFB-1989AE583A8C}.Debug|ARM.Build.0 = Debug|ARM
		{B3281A95-DE17-4EAB-ADFB-1989AE583A8C}.Debug|ARM.Deploy.0 = Debug|ARM
		{B3281A95-DE17-4EAB-ADFB-1989AE583A8C}.Debug|Mixed Platforms.ActiveCfg = Debug|x86
		{B3281A95-DE17-4EAB-ADFB-1989AE583A8C}.Debug|Mixed Platforms.Build.0 = Debug|x86
		{B3281A95-DE17-4EAB-ADFB-1989AE583A8C}.Debug|Mixed Platforms.Deploy.0 = Debug|x86
		{B3281A95-DE17-4EAB-ADFB-1989AE583A8C}.Debug|Win32.ActiveCfg = Debug|x86
		{B3281A95-DE17-4EAB-ADFB-1989AE583A8C}.Debug|Win32.Build.0 = Debug|x86
		{B3281A95-DE17-4EAB-ADFB-1989AE583A8C}.Debug|Win32.Deploy.0 = Debug|x86
		{B3281A95-DE17-4EAB-ADFB-1989AE583A8C}.Debug|x86.ActiveCfg = Debug|x86
		{B3281A95-DE17-4EAB-ADFB-1989AE583A8C}.Debug|x86.Build.0 = Debug|x86
		{B3281A95-DE17-4EAB-ADFB-1989AE583A8C}.Debug|x86.Deploy.0 = Debug|x86
		{B3281A95-DE17-4EAB-ADFB-1989AE583A8C}.Release|Any CPU.ActiveCfg = Release|Any CPU
		{B3281A95-DE17-4EAB-ADFB-1989AE583A8C}.Release|Any CPU.Build.0 = Release|Any CPU
		{B3281A95-DE17-4EAB-ADFB-1989AE583A8C}.Release|Any CPU.Deploy.0 = Release|Any CPU
		{B3281A95-DE17-4EAB-ADFB-1989AE583A8C}.Release|ARM.ActiveCfg = Release|ARM
		{B3281A95-DE17-4EAB-ADFB-1989AE583A8C}.Release|ARM.Build.0 = Release|ARM
		{B3281A95-DE17-4EAB-ADFB-1989AE583A8C}.Release|ARM.Deploy.0 = Release|ARM
		{B3281A95-DE17-4EAB-ADFB-1989AE583A8C}.Release|Mixed Platforms.ActiveCfg = Release|x86
		{B3281A95-DE17-4EAB-ADFB-1989AE583A8C}.Release|Mixed Platforms.Build.0 = Release|x86
		{B3281A95-DE17-4EAB-ADFB-1989AE583A8C}.Release|Mixed Platforms.Deploy.0 = Release|x86
		{B3281A95-DE17-4EAB-ADFB-1989AE583A8C}.Release|Win32.ActiveCfg = Release|x86
		{B3281A95-DE17-4EAB-ADFB-1989AE583A8C}.Release|Win32.Build.0 = Release|x86
		{B3281A95-DE17-4EAB-ADFB-1989AE583A8C}.Release|Win32.Deploy.0 = Release|x86
		{B3281A95-DE17-4EAB-ADFB-1989AE583A8C}.Release|x86.ActiveCfg = Release|x86
		{B3281A95-DE17-4EAB-ADFB-1989AE583A8C}.Release|x86.Build.0 = Release|x86
		{B3281A95-DE17-4EAB-ADFB-1989AE583A8C}.Release|x86.Deploy.0 = Release|x86
	EndGlobalSection
	GlobalSection(SolutionProperties) = preSolution
		HideSolutionNode = FALSE
	EndGlobalSection
EndGlobal
