
Microsoft Visual Studio Solution File, Format Version 12.00
# Visual Studio 2013
VisualStudioVersion = 12.0.21005.1
MinimumVisualStudioVersion = 10.0.40219.1
Project("{FAE04EC0-301F-11D3-BF4B-00C04F79EFBC}") = "SnuStream", "SnuStream.csproj", "{DAF4D2B8-E906-422A-B53A-C57DBA2AE94D}"
EndProject
Project("{FAE04EC0-301F-11D3-BF4B-00C04F79EFBC}") = "SnuSharp", "..\SnuSharp\SnuSharp.csproj", "{D9BAA749-5BBE-4DAE-B5EA-4D70DEF266FC}"
EndProject
Project("{FAE04EC0-301F-11D3-BF4B-00C04F79EFBC}") = "CommonImageAquisition", "..\CommonImageAquisition\CommonImageAquisition.csproj", "{9316A5E4-85F8-4833-839F-A2E03C97BD67}"
EndProject
Project("{FAE04EC0-301F-11D3-BF4B-00C04F79EFBC}") = "CommonVideoAquisition", "CommonVideoAquisition\CommonVideoAquisition.csproj", "{53CA745A-78CC-4068-873F-25670ECA15D5}"
EndProject
Global
	GlobalSection(SolutionConfigurationPlatforms) = preSolution
		Debug|Any CPU = Debug|Any CPU
		Release|Any CPU = Release|Any CPU
	EndGlobalSection
	GlobalSection(ProjectConfigurationPlatforms) = postSolution
		{DAF4D2B8-E906-422A-B53A-C57DBA2AE94D}.Debug|Any CPU.ActiveCfg = Debug|Any CPU
		{DAF4D2B8-E906-422A-B53A-C57DBA2AE94D}.Debug|Any CPU.Build.0 = Debug|Any CPU
		{DAF4D2B8-E906-422A-B53A-C57DBA2AE94D}.Release|Any CPU.ActiveCfg = Release|Any CPU
		{DAF4D2B8-E906-422A-B53A-C57DBA2AE94D}.Release|Any CPU.Build.0 = Release|Any CPU
		{D9BAA749-5BBE-4DAE-B5EA-4D70DEF266FC}.Debug|Any CPU.ActiveCfg = Debug|Any CPU
		{D9BAA749-5BBE-4DAE-B5EA-4D70DEF266FC}.Debug|Any CPU.Build.0 = Debug|Any CPU
		{D9BAA749-5BBE-4DAE-B5EA-4D70DEF266FC}.Release|Any CPU.ActiveCfg = Release|Any CPU
		{D9BAA749-5BBE-4DAE-B5EA-4D70DEF266FC}.Release|Any CPU.Build.0 = Release|Any CPU
		{9316A5E4-85F8-4833-839F-A2E03C97BD67}.Debug|Any CPU.ActiveCfg = Debug|Any CPU
		{9316A5E4-85F8-4833-839F-A2E03C97BD67}.Debug|Any CPU.Build.0 = Debug|Any CPU
		{9316A5E4-85F8-4833-839F-A2E03C97BD67}.Release|Any CPU.ActiveCfg = Release|Any CPU
		{9316A5E4-85F8-4833-839F-A2E03C97BD67}.Release|Any CPU.Build.0 = Release|Any CPU
		{53CA745A-78CC-4068-873F-25670ECA15D5}.Debug|Any CPU.ActiveCfg = Debug|Any CPU
		{53CA745A-78CC-4068-873F-25670ECA15D5}.Debug|Any CPU.Build.0 = Debug|Any CPU
		{53CA745A-78CC-4068-873F-25670ECA15D5}.Release|Any CPU.ActiveCfg = Release|Any CPU
		{53CA745A-78CC-4068-873F-25670ECA15D5}.Release|Any CPU.Build.0 = Release|Any CPU
	EndGlobalSection
	GlobalSection(SolutionProperties) = preSolution
		HideSolutionNode = FALSE
	EndGlobalSection
EndGlobal
